
Microsoft Visual Studio Solution File, Format Version 12.00
Project("{FAE04EC0-301F-11D3-BF4B-00C04F79EFBC}") = "SolutionToProblem1", "SolutionToProblem1\SolutionToProblem1.csproj", "{84FC5CEE-A36C-4292-AB1E-5B5D42AD7CD8}"
EndProject
Project("{FAE04EC0-301F-11D3-BF4B-00C04F79EFBC}") = "SolutionToProblem2", "SolutionToProblem2\SolutionToProblem2.csproj", "{70D711DC-085B-4769-B78D-A1602A8014D3}"
EndProject
Project("{FAE04EC0-301F-11D3-BF4B-00C04F79EFBC}") = "SolutionToProblem3", "SolutionToProblem3\SolutionToProblem3.csproj", "{06883494-BEBD-46B7-A46A-6EA7852C3B83}"
EndProject
Project("{FAE04EC0-301F-11D3-BF4B-00C04F79EFBC}") = "SolutionToProblem4", "SolutionToProblem4\SolutionToProblem4.csproj", "{E52AD6F9-EE11-4EE8-94AB-6ADA9A98C685}"
EndProject
Global
	GlobalSection(SolutionConfigurationPlatforms) = preSolution
		Debug|Any CPU = Debug|Any CPU
		Release|Any CPU = Release|Any CPU
	EndGlobalSection
	GlobalSection(ProjectConfigurationPlatforms) = postSolution
		{84FC5CEE-A36C-4292-AB1E-5B5D42AD7CD8}.Debug|Any CPU.ActiveCfg = Debug|Any CPU
		{84FC5CEE-A36C-4292-AB1E-5B5D42AD7CD8}.Debug|Any CPU.Build.0 = Debug|Any CPU
		{84FC5CEE-A36C-4292-AB1E-5B5D42AD7CD8}.Release|Any CPU.ActiveCfg = Release|Any CPU
		{84FC5CEE-A36C-4292-AB1E-5B5D42AD7CD8}.Release|Any CPU.Build.0 = Release|Any CPU
		{70D711DC-085B-4769-B78D-A1602A8014D3}.Debug|Any CPU.ActiveCfg = Debug|Any CPU
		{70D711DC-085B-4769-B78D-A1602A8014D3}.Debug|Any CPU.Build.0 = Debug|Any CPU
		{70D711DC-085B-4769-B78D-A1602A8014D3}.Release|Any CPU.ActiveCfg = Release|Any CPU
		{70D711DC-085B-4769-B78D-A1602A8014D3}.Release|Any CPU.Build.0 = Release|Any CPU
		{06883494-BEBD-46B7-A46A-6EA7852C3B83}.Debug|Any CPU.ActiveCfg = Debug|Any CPU
		{06883494-BEBD-46B7-A46A-6EA7852C3B83}.Debug|Any CPU.Build.0 = Debug|Any CPU
		{06883494-BEBD-46B7-A46A-6EA7852C3B83}.Release|Any CPU.ActiveCfg = Release|Any CPU
		{06883494-BEBD-46B7-A46A-6EA7852C3B83}.Release|Any CPU.Build.0 = Release|Any CPU
		{E52AD6F9-EE11-4EE8-94AB-6ADA9A98C685}.Debug|Any CPU.ActiveCfg = Debug|Any CPU
		{E52AD6F9-EE11-4EE8-94AB-6ADA9A98C685}.Debug|Any CPU.Build.0 = Debug|Any CPU
		{E52AD6F9-EE11-4EE8-94AB-6ADA9A98C685}.Release|Any CPU.ActiveCfg = Release|Any CPU
		{E52AD6F9-EE11-4EE8-94AB-6ADA9A98C685}.Release|Any CPU.Build.0 = Release|Any CPU
	EndGlobalSection
EndGlobal
